
Microsoft Visual Studio Solution File, Format Version 12.00
# Visual Studio Version 16
VisualStudioVersion = 16.0.31911.196
MinimumVisualStudioVersion = 10.0.40219.1
Project("{FAE04EC0-301F-11D3-BF4B-00C04F79EFBC}") = "Galgje", "Galgje\Galgje.csproj", "{4C691FF4-0E85-43B8-98ED-C281F405C036}"
EndProject
Global
	GlobalSection(SolutionConfigurationPlatforms) = preSolution
		Debug|Any CPU = Debug|Any CPU
		Release|Any CPU = Release|Any CPU
	EndGlobalSection
	GlobalSection(ProjectConfigurationPlatforms) = postSolution
		{4C691FF4-0E85-43B8-98ED-C281F405C036}.Debug|Any CPU.ActiveCfg = Debug|Any CPU
		{4C691FF4-0E85-43B8-98ED-C281F405C036}.Debug|Any CPU.Build.0 = Debug|Any CPU
		{4C691FF4-0E85-43B8-98ED-C281F405C036}.Release|Any CPU.ActiveCfg = Release|Any CPU
		{4C691FF4-0E85-43B8-98ED-C281F405C036}.Release|Any CPU.Build.0 = Release|Any CPU
	EndGlobalSection
	GlobalSection(SolutionProperties) = preSolution
		HideSolutionNode = FALSE
	EndGlobalSection
	GlobalSection(ExtensibilityGlobals) = postSolution
		SolutionGuid = {5B36B8D3-0B72-42AA-A008-C6008202485D}
	EndGlobalSection
EndGlobal
